
Microsoft Visual Studio Solution File, Format Version 12.00
# Visual Studio Version 17
VisualStudioVersion = 17.14.36401.2 d17.14
MinimumVisualStudioVersion = 10.0.40219.1
Project("{FAE04EC0-301F-11D3-BF4B-00C04F79EFBC}") = "OrderingSystem", "OrderingSystem.csproj", "{30FB8519-7013-5F83-972F-D99A3F549DF9}"
EndProject
Global
	GlobalSection(SolutionConfigurationPlatforms) = preSolution
		Debug|Any CPU = Debug|Any CPU
		Release|Any CPU = Release|Any CPU
	EndGlobalSection
	GlobalSection(ProjectConfigurationPlatforms) = postSolution
		{30FB8519-7013-5F83-972F-D99A3F549DF9}.Debug|Any CPU.ActiveCfg = Debug|Any CPU
		{30FB8519-7013-5F83-972F-D99A3F549DF9}.Debug|Any CPU.Build.0 = Debug|Any CPU
		{30FB8519-7013-5F83-972F-D99A3F549DF9}.Release|Any CPU.ActiveCfg = Release|Any CPU
		{30FB8519-7013-5F83-972F-D99A3F549DF9}.Release|Any CPU.Build.0 = Release|Any CPU
	EndGlobalSection
	GlobalSection(SolutionProperties) = preSolution
		HideSolutionNode = FALSE
	EndGlobalSection
	GlobalSection(ExtensibilityGlobals) = postSolution
		SolutionGuid = {7A82D817-73BD-47F2-9ADA-800B8E489301}
	EndGlobalSection
EndGlobal
